
Microsoft Visual Studio Solution File, Format Version 12.00
# Visual Studio Version 17
VisualStudioVersion = 17.14.36310.24 d17.14
MinimumVisualStudioVersion = 10.0.40219.1
Project("{FAE04EC0-301F-11D3-BF4B-00C04F79EFBC}") = "AutoLogOff", "AutoLogOff.csproj", "{9881A877-9562-49CD-BC0A-0711B7B2E643}"
EndProject
Global
	GlobalSection(SolutionConfigurationPlatforms) = preSolution
		Debug|Any CPU = Debug|Any CPU
		Release|Any CPU = Release|Any CPU
	EndGlobalSection
	GlobalSection(ProjectConfigurationPlatforms) = postSolution
		{9881A877-9562-49CD-BC0A-0711B7B2E643}.Debug|Any CPU.ActiveCfg = Debug|Any CPU
		{9881A877-9562-49CD-BC0A-0711B7B2E643}.Debug|Any CPU.Build.0 = Debug|Any CPU
		{9881A877-9562-49CD-BC0A-0711B7B2E643}.Release|Any CPU.ActiveCfg = Release|Any CPU
		{9881A877-9562-49CD-BC0A-0711B7B2E643}.Release|Any CPU.Build.0 = Release|Any CPU
	EndGlobalSection
	GlobalSection(SolutionProperties) = preSolution
		HideSolutionNode = FALSE
	EndGlobalSection
	GlobalSection(ExtensibilityGlobals) = postSolution
		SolutionGuid = {114B3285-8749-4BFA-8BF5-1F188BC77173}
	EndGlobalSection
EndGlobal
